
Microsoft Visual Studio Solution File, Format Version 12.00
# Visual Studio Version 17
VisualStudioVersion = 17.13.35806.99 d17.13
MinimumVisualStudioVersion = 10.0.40219.1
Project("{FAE04EC0-301F-11D3-BF4B-00C04F79EFBC}") = "aula11", "aula11.csproj", "{3D508209-3592-4527-A229-A312C0FEEE29}"
EndProject
Global
	GlobalSection(SolutionConfigurationPlatforms) = preSolution
		Debug|Any CPU = Debug|Any CPU
		Release|Any CPU = Release|Any CPU
	EndGlobalSection
	GlobalSection(ProjectConfigurationPlatforms) = postSolution
		{3D508209-3592-4527-A229-A312C0FEEE29}.Debug|Any CPU.ActiveCfg = Debug|Any CPU
		{3D508209-3592-4527-A229-A312C0FEEE29}.Debug|Any CPU.Build.0 = Debug|Any CPU
		{3D508209-3592-4527-A229-A312C0FEEE29}.Release|Any CPU.ActiveCfg = Release|Any CPU
		{3D508209-3592-4527-A229-A312C0FEEE29}.Release|Any CPU.Build.0 = Release|Any CPU
	EndGlobalSection
	GlobalSection(SolutionProperties) = preSolution
		HideSolutionNode = FALSE
	EndGlobalSection
	GlobalSection(ExtensibilityGlobals) = postSolution
		SolutionGuid = {2E6AE2A6-8080-4C2D-A483-CDE07757A2C8}
	EndGlobalSection
EndGlobal
